
Microsoft Visual Studio Solution File, Format Version 12.00
# Visual Studio Version 17
VisualStudioVersion = 17.1.32319.34
MinimumVisualStudioVersion = 10.0.40219.1
Project("{FAE04EC0-301F-11D3-BF4B-00C04F79EFBC}") = "TmTest", "TmTest\TmTest.csproj", "{A237E000-AD11-4427-9716-5008B20932DA}"
EndProject
Global
	GlobalSection(SolutionConfigurationPlatforms) = preSolution
		Debug|Any CPU = Debug|Any CPU
		Release|Any CPU = Release|Any CPU
	EndGlobalSection
	GlobalSection(ProjectConfigurationPlatforms) = postSolution
		{A237E000-AD11-4427-9716-5008B20932DA}.Debug|Any CPU.ActiveCfg = Debug|Any CPU
		{A237E000-AD11-4427-9716-5008B20932DA}.Debug|Any CPU.Build.0 = Debug|Any CPU
		{A237E000-AD11-4427-9716-5008B20932DA}.Release|Any CPU.ActiveCfg = Release|Any CPU
		{A237E000-AD11-4427-9716-5008B20932DA}.Release|Any CPU.Build.0 = Release|Any CPU
	EndGlobalSection
	GlobalSection(SolutionProperties) = preSolution
		HideSolutionNode = FALSE
	EndGlobalSection
	GlobalSection(ExtensibilityGlobals) = postSolution
		SolutionGuid = {2753F9C6-2920-4520-AD5A-90E688FFFEE1}
	EndGlobalSection
EndGlobal
